
Microsoft Visual Studio Solution File, Format Version 12.00
# Visual Studio Version 17
VisualStudioVersion = 17.4.33205.214
MinimumVisualStudioVersion = 10.0.40219.1
Project("{9A19103F-16F7-4668-BE54-9A1E7A4F7556}") = "AutomobileLibreri", "AutomobileLibreri\AutomobileLibreri.csproj", "{51D73D5D-EFE3-4E53-A856-4F5CB251BB81}"
EndProject
Project("{FAE04EC0-301F-11D3-BF4B-00C04F79EFBC}") = "WebApp", "WebApp\WebApp.csproj", "{52C615C2-F7CF-489F-93DB-FB9412FBDC73}"
EndProject
Global
	GlobalSection(SolutionConfigurationPlatforms) = preSolution
		Debug|Any CPU = Debug|Any CPU
		Release|Any CPU = Release|Any CPU
	EndGlobalSection
	GlobalSection(ProjectConfigurationPlatforms) = postSolution
		{51D73D5D-EFE3-4E53-A856-4F5CB251BB81}.Debug|Any CPU.ActiveCfg = Debug|Any CPU
		{51D73D5D-EFE3-4E53-A856-4F5CB251BB81}.Debug|Any CPU.Build.0 = Debug|Any CPU
		{51D73D5D-EFE3-4E53-A856-4F5CB251BB81}.Release|Any CPU.ActiveCfg = Release|Any CPU
		{51D73D5D-EFE3-4E53-A856-4F5CB251BB81}.Release|Any CPU.Build.0 = Release|Any CPU
		{52C615C2-F7CF-489F-93DB-FB9412FBDC73}.Debug|Any CPU.ActiveCfg = Debug|Any CPU
		{52C615C2-F7CF-489F-93DB-FB9412FBDC73}.Debug|Any CPU.Build.0 = Debug|Any CPU
		{52C615C2-F7CF-489F-93DB-FB9412FBDC73}.Release|Any CPU.ActiveCfg = Release|Any CPU
		{52C615C2-F7CF-489F-93DB-FB9412FBDC73}.Release|Any CPU.Build.0 = Release|Any CPU
	EndGlobalSection
	GlobalSection(SolutionProperties) = preSolution
		HideSolutionNode = FALSE
	EndGlobalSection
	GlobalSection(ExtensibilityGlobals) = postSolution
		SolutionGuid = {FE4AAD6E-4737-4184-AABD-86E47AB63425}
	EndGlobalSection
EndGlobal
